
Microsoft Visual Studio Solution File, Format Version 12.00
# Visual Studio 15
VisualStudioVersion = 15.0.28307.489
MinimumVisualStudioVersion = 10.0.40219.1
Project("{FAE04EC0-301F-11D3-BF4B-00C04F79EFBC}") = "Interaction", "ShrinkWrap\Interaction\Interaction.csproj", "{259D4074-5EE2-4677-B28D-4443922818AB}"
EndProject
Project("{FAE04EC0-301F-11D3-BF4B-00C04F79EFBC}") = "DebugPluginLocally", "ShrinkWrap\DebugPluginLocally\DebugPluginLocally.csproj", "{5C254D90-F5CA-45A2-82FC-F676442C741F}"
EndProject
Project("{FAE04EC0-301F-11D3-BF4B-00C04F79EFBC}") = "ShrinkWrapPlugin", "ShrinkWrap\ShrinkWrapPlugin\ShrinkWrapPlugin.csproj", "{C9B382C3-C54D-45E5-95BF-AD5ED272DBA4}"
EndProject
Global
	GlobalSection(SolutionConfigurationPlatforms) = preSolution
		Debug|Any CPU = Debug|Any CPU
		Release|Any CPU = Release|Any CPU
	EndGlobalSection
	GlobalSection(ProjectConfigurationPlatforms) = postSolution
		{259D4074-5EE2-4677-B28D-4443922818AB}.Debug|Any CPU.ActiveCfg = Debug|Any CPU
		{259D4074-5EE2-4677-B28D-4443922818AB}.Debug|Any CPU.Build.0 = Debug|Any CPU
		{259D4074-5EE2-4677-B28D-4443922818AB}.Release|Any CPU.ActiveCfg = Release|Any CPU
		{259D4074-5EE2-4677-B28D-4443922818AB}.Release|Any CPU.Build.0 = Release|Any CPU
		{5C254D90-F5CA-45A2-82FC-F676442C741F}.Debug|Any CPU.ActiveCfg = Debug|Any CPU
		{5C254D90-F5CA-45A2-82FC-F676442C741F}.Debug|Any CPU.Build.0 = Debug|Any CPU
		{5C254D90-F5CA-45A2-82FC-F676442C741F}.Release|Any CPU.ActiveCfg = Release|Any CPU
		{5C254D90-F5CA-45A2-82FC-F676442C741F}.Release|Any CPU.Build.0 = Release|Any CPU
		{C9B382C3-C54D-45E5-95BF-AD5ED272DBA4}.Debug|Any CPU.ActiveCfg = Debug|Any CPU
		{C9B382C3-C54D-45E5-95BF-AD5ED272DBA4}.Debug|Any CPU.Build.0 = Debug|Any CPU
		{C9B382C3-C54D-45E5-95BF-AD5ED272DBA4}.Release|Any CPU.ActiveCfg = Release|Any CPU
		{C9B382C3-C54D-45E5-95BF-AD5ED272DBA4}.Release|Any CPU.Build.0 = Release|Any CPU
	EndGlobalSection
	GlobalSection(SolutionProperties) = preSolution
		HideSolutionNode = FALSE
	EndGlobalSection
	GlobalSection(ExtensibilityGlobals) = postSolution
		SolutionGuid = {8338BB3F-8BEF-42A3-802F-8107355840CC}
	EndGlobalSection
EndGlobal
